// !$*UTF8*$!
{
	archiveVersion = 1;
	classes = {
	};
	objectVersion = 50;
	objects = {

/* Begin PBXBuildFile section */
		458475E5256D7DEF00E6D3CE /* DetailTransactionViewController.swift in Sources */ = {isa = PBXBuildFile; fileRef = 458475E4256D7DEF00E6D3CE /* DetailTransactionViewController.swift */; };
		45C0CC55256D13C00098BC01 /* LookUpVC.swift in Sources */ = {isa = PBXBuildFile; fileRef = 45C0CC54256D13C00098BC01 /* LookUpVC.swift */; };
		45C0CC70256D202B0098BC01 /* ServiceRequestEndPoint.swift in Sources */ = {isa = PBXBuildFile; fileRef = 45C0CC59256D202B0098BC01 /* ServiceRequestEndPoint.swift */; };
		45C0CC71256D202B0098BC01 /* ServiceProviderType.swift in Sources */ = {isa = PBXBuildFile; fileRef = 45C0CC5A256D202B0098BC01 /* ServiceProviderType.swift */; };
		45C0CC72256D202B0098BC01 /* ServiceRequestExecutable.swift in Sources */ = {isa = PBXBuildFile; fileRef = 45C0CC5B256D202B0098BC01 /* ServiceRequestExecutable.swift */; };
		45C0CC73256D202B0098BC01 /* APIServicable.swift in Sources */ = {isa = PBXBuildFile; fileRef = 45C0CC5C256D202B0098BC01 /* APIServicable.swift */; };
		45C0CC74256D202B0098BC01 /* ApiDetail.swift in Sources */ = {isa = PBXBuildFile; fileRef = 45C0CC5D256D202B0098BC01 /* ApiDetail.swift */; };
		45C0CC75256D202B0098BC01 /* ServiceCancellable.swift in Sources */ = {isa = PBXBuildFile; fileRef = 45C0CC5E256D202B0098BC01 /* ServiceCancellable.swift */; };
		45C0CC76256D202B0098BC01 /* ApiEnvironment.swift in Sources */ = {isa = PBXBuildFile; fileRef = 45C0CC5F256D202B0098BC01 /* ApiEnvironment.swift */; };
		45C0CC77256D202B0098BC01 /* ServiceProvider.swift in Sources */ = {isa = PBXBuildFile; fileRef = 45C0CC60256D202B0098BC01 /* ServiceProvider.swift */; };
		45C0CC78256D202B0098BC01 /* HTTPMethod.swift in Sources */ = {isa = PBXBuildFile; fileRef = 45C0CC61256D202B0098BC01 /* HTTPMethod.swift */; };
		45C0CC79256D202B0098BC01 /* ServiceRepresentations.swift in Sources */ = {isa = PBXBuildFile; fileRef = 45C0CC62256D202B0098BC01 /* ServiceRepresentations.swift */; };
		45C0CC7A256D202B0098BC01 /* APIResult.swift in Sources */ = {isa = PBXBuildFile; fileRef = 45C0CC63256D202B0098BC01 /* APIResult.swift */; };
		45C0CC7B256D202B0098BC01 /* TypeOfAuthorization.swift in Sources */ = {isa = PBXBuildFile; fileRef = 45C0CC64256D202B0098BC01 /* TypeOfAuthorization.swift */; };
		45C0CC7C256D202B0098BC01 /* TargetDefinition.swift in Sources */ = {isa = PBXBuildFile; fileRef = 45C0CC65256D202B0098BC01 /* TargetDefinition.swift */; };
		45C0CC7D256D202B0098BC01 /* NetworkPluginType.swift in Sources */ = {isa = PBXBuildFile; fileRef = 45C0CC66256D202B0098BC01 /* NetworkPluginType.swift */; };
		45C0CC7E256D202B0098BC01 /* AccessAuthorizable.swift in Sources */ = {isa = PBXBuildFile; fileRef = 45C0CC67256D202B0098BC01 /* AccessAuthorizable.swift */; };
		45C0CC7F256D202B0098BC01 /* ServiceRequestDetail.swift in Sources */ = {isa = PBXBuildFile; fileRef = 45C0CC68256D202B0098BC01 /* ServiceRequestDetail.swift */; };
		45C0CC80256D202B0098BC01 /* APIService.swift in Sources */ = {isa = PBXBuildFile; fileRef = 45C0CC6A256D202B0098BC01 /* APIService.swift */; };
		45C0CC81256D202B0098BC01 /* NetworkExecutor.swift in Sources */ = {isa = PBXBuildFile; fileRef = 45C0CC6B256D202B0098BC01 /* NetworkExecutor.swift */; };
		45C0CC82256D202B0098BC01 /* AuthorizationProvidable.swift in Sources */ = {isa = PBXBuildFile; fileRef = 45C0CC6D256D202B0098BC01 /* AuthorizationProvidable.swift */; };
		45C0CC83256D202B0098BC01 /* AuthorizationPlugin.swift in Sources */ = {isa = PBXBuildFile; fileRef = 45C0CC6E256D202B0098BC01 /* AuthorizationPlugin.swift */; };
		45C0CC84256D202B0098BC01 /* APIAuthorizationType.swift in Sources */ = {isa = PBXBuildFile; fileRef = 45C0CC6F256D202B0098BC01 /* APIAuthorizationType.swift */; };
		45C0CC88256D20920098BC01 /* AddressModel.swift in Sources */ = {isa = PBXBuildFile; fileRef = 45C0CC87256D20920098BC01 /* AddressModel.swift */; };
		45C0CC8C256D20CA0098BC01 /* AddressViewModel.swift in Sources */ = {isa = PBXBuildFile; fileRef = 45C0CC8B256D20CA0098BC01 /* AddressViewModel.swift */; };
		45C0CC8F256D216A0098BC01 /* AddressDataCall.swift in Sources */ = {isa = PBXBuildFile; fileRef = 45C0CC8E256D216A0098BC01 /* AddressDataCall.swift */; };
		45C0CC92256D29DB0098BC01 /* TransactionViewController.swift in Sources */ = {isa = PBXBuildFile; fileRef = 45C0CC91256D29DB0098BC01 /* TransactionViewController.swift */; };
		45C0CC9A256D2E840098BC01 /* TableViewCell.swift in Sources */ = {isa = PBXBuildFile; fileRef = 45C0CC98256D2E840098BC01 /* TableViewCell.swift */; };
		45C0CC9B256D2E840098BC01 /* TableViewCell.xib in Resources */ = {isa = PBXBuildFile; fileRef = 45C0CC99256D2E840098BC01 /* TableViewCell.xib */; };
		45C0CCA1256D39B20098BC01 /* QRSacnnerVC.swift in Sources */ = {isa = PBXBuildFile; fileRef = 45C0CCA0256D39B20098BC01 /* QRSacnnerVC.swift */; };
		45E87D6F256D0E2200A6A6F8 /* AppDelegate.swift in Sources */ = {isa = PBXBuildFile; fileRef = 45E87D6E256D0E2200A6A6F8 /* AppDelegate.swift */; };
		45E87D71256D0E2200A6A6F8 /* SceneDelegate.swift in Sources */ = {isa = PBXBuildFile; fileRef = 45E87D70256D0E2200A6A6F8 /* SceneDelegate.swift */; };
		45E87D73256D0E2200A6A6F8 /* ViewController.swift in Sources */ = {isa = PBXBuildFile; fileRef = 45E87D72256D0E2200A6A6F8 /* ViewController.swift */; };
		45E87D76256D0E2200A6A6F8 /* Main.storyboard in Resources */ = {isa = PBXBuildFile; fileRef = 45E87D74256D0E2200A6A6F8 /* Main.storyboard */; };
		45E87D78256D0E2300A6A6F8 /* Assets.xcassets in Resources */ = {isa = PBXBuildFile; fileRef = 45E87D77256D0E2300A6A6F8 /* Assets.xcassets */; };
		45E87D7B256D0E2300A6A6F8 /* LaunchScreen.storyboard in Resources */ = {isa = PBXBuildFile; fileRef = 45E87D79256D0E2300A6A6F8 /* LaunchScreen.storyboard */; };
/* End PBXBuildFile section */

/* Begin PBXFileReference section */
		458475E4256D7DEF00E6D3CE /* DetailTransactionViewController.swift */ = {isa = PBXFileReference; lastKnownFileType = sourcecode.swift; path = DetailTransactionViewController.swift; sourceTree = "<group>"; };
		45C0CC54256D13C00098BC01 /* LookUpVC.swift */ = {isa = PBXFileReference; lastKnownFileType = sourcecode.swift; path = LookUpVC.swift; sourceTree = "<group>"; };
		45C0CC59256D202B0098BC01 /* ServiceRequestEndPoint.swift */ = {isa = PBXFileReference; fileEncoding = 4; lastKnownFileType = sourcecode.swift; path = ServiceRequestEndPoint.swift; sourceTree = "<group>"; };
		45C0CC5A256D202B0098BC01 /* ServiceProviderType.swift */ = {isa = PBXFileReference; fileEncoding = 4; lastKnownFileType = sourcecode.swift; path = ServiceProviderType.swift; sourceTree = "<group>"; };
		45C0CC5B256D202B0098BC01 /* ServiceRequestExecutable.swift */ = {isa = PBXFileReference; fileEncoding = 4; lastKnownFileType = sourcecode.swift; path = ServiceRequestExecutable.swift; sourceTree = "<group>"; };
		45C0CC5C256D202B0098BC01 /* APIServicable.swift */ = {isa = PBXFileReference; fileEncoding = 4; lastKnownFileType = sourcecode.swift; path = APIServicable.swift; sourceTree = "<group>"; };
		45C0CC5D256D202B0098BC01 /* ApiDetail.swift */ = {isa = PBXFileReference; fileEncoding = 4; lastKnownFileType = sourcecode.swift; path = ApiDetail.swift; sourceTree = "<group>"; };
		45C0CC5E256D202B0098BC01 /* ServiceCancellable.swift */ = {isa = PBXFileReference; fileEncoding = 4; lastKnownFileType = sourcecode.swift; path = ServiceCancellable.swift; sourceTree = "<group>"; };
		45C0CC5F256D202B0098BC01 /* ApiEnvironment.swift */ = {isa = PBXFileReference; fileEncoding = 4; lastKnownFileType = sourcecode.swift; path = ApiEnvironment.swift; sourceTree = "<group>"; };
		45C0CC60256D202B0098BC01 /* ServiceProvider.swift */ = {isa = PBXFileReference; fileEncoding = 4; lastKnownFileType = sourcecode.swift; path = ServiceProvider.swift; sourceTree = "<group>"; };
		45C0CC61256D202B0098BC01 /* HTTPMethod.swift */ = {isa = PBXFileReference; fileEncoding = 4; lastKnownFileType = sourcecode.swift; path = HTTPMethod.swift; sourceTree = "<group>"; };
		45C0CC62256D202B0098BC01 /* ServiceRepresentations.swift */ = {isa = PBXFileReference; fileEncoding = 4; lastKnownFileType = sourcecode.swift; path = ServiceRepresentations.swift; sourceTree = "<group>"; };
		45C0CC63256D202B0098BC01 /* APIResult.swift */ = {isa = PBXFileReference; fileEncoding = 4; lastKnownFileType = sourcecode.swift; path = APIResult.swift; sourceTree = "<group>"; };
		45C0CC64256D202B0098BC01 /* TypeOfAuthorization.swift */ = {isa = PBXFileReference; fileEncoding = 4; lastKnownFileType = sourcecode.swift; path = TypeOfAuthorization.swift; sourceTree = "<group>"; };
		45C0CC65256D202B0098BC01 /* TargetDefinition.swift */ = {isa = PBXFileReference; fileEncoding = 4; lastKnownFileType = sourcecode.swift; path = TargetDefinition.swift; sourceTree = "<group>"; };
		45C0CC66256D202B0098BC01 /* NetworkPluginType.swift */ = {isa = PBXFileReference; fileEncoding = 4; lastKnownFileType = sourcecode.swift; path = NetworkPluginType.swift; sourceTree = "<group>"; };
		45C0CC67256D202B0098BC01 /* AccessAuthorizable.swift */ = {isa = PBXFileReference; fileEncoding = 4; lastKnownFileType = sourcecode.swift; path = AccessAuthorizable.swift; sourceTree = "<group>"; };
		45C0CC68256D202B0098BC01 /* ServiceRequestDetail.swift */ = {isa = PBXFileReference; fileEncoding = 4; lastKnownFileType = sourcecode.swift; path = ServiceRequestDetail.swift; sourceTree = "<group>"; };
		45C0CC6A256D202B0098BC01 /* APIService.swift */ = {isa = PBXFileReference; fileEncoding = 4; lastKnownFileType = sourcecode.swift; path = APIService.swift; sourceTree = "<group>"; };
		45C0CC6B256D202B0098BC01 /* NetworkExecutor.swift */ = {isa = PBXFileReference; fileEncoding = 4; lastKnownFileType = sourcecode.swift; path = NetworkExecutor.swift; sourceTree = "<group>"; };
		45C0CC6D256D202B0098BC01 /* AuthorizationProvidable.swift */ = {isa = PBXFileReference; fileEncoding = 4; lastKnownFileType = sourcecode.swift; path = AuthorizationProvidable.swift; sourceTree = "<group>"; };
		45C0CC6E256D202B0098BC01 /* AuthorizationPlugin.swift */ = {isa = PBXFileReference; fileEncoding = 4; lastKnownFileType = sourcecode.swift; path = AuthorizationPlugin.swift; sourceTree = "<group>"; };
		45C0CC6F256D202B0098BC01 /* APIAuthorizationType.swift */ = {isa = PBXFileReference; fileEncoding = 4; lastKnownFileType = sourcecode.swift; path = APIAuthorizationType.swift; sourceTree = "<group>"; };
		45C0CC87256D20920098BC01 /* AddressModel.swift */ = {isa = PBXFileReference; lastKnownFileType = sourcecode.swift; path = AddressModel.swift; sourceTree = "<group>"; };
		45C0CC8B256D20CA0098BC01 /* AddressViewModel.swift */ = {isa = PBXFileReference; lastKnownFileType = sourcecode.swift; path = AddressViewModel.swift; sourceTree = "<group>"; };
		45C0CC8E256D216A0098BC01 /* AddressDataCall.swift */ = {isa = PBXFileReference; lastKnownFileType = sourcecode.swift; path = AddressDataCall.swift; sourceTree = "<group>"; };
		45C0CC91256D29DB0098BC01 /* TransactionViewController.swift */ = {isa = PBXFileReference; lastKnownFileType = sourcecode.swift; path = TransactionViewController.swift; sourceTree = "<group>"; };
		45C0CC98256D2E840098BC01 /* TableViewCell.swift */ = {isa = PBXFileReference; lastKnownFileType = sourcecode.swift; path = TableViewCell.swift; sourceTree = "<group>"; };
		45C0CC99256D2E840098BC01 /* TableViewCell.xib */ = {isa = PBXFileReference; lastKnownFileType = file.xib; path = TableViewCell.xib; sourceTree = "<group>"; };
		45C0CCA0256D39B20098BC01 /* QRSacnnerVC.swift */ = {isa = PBXFileReference; lastKnownFileType = sourcecode.swift; path = QRSacnnerVC.swift; sourceTree = "<group>"; };
		45E87D6B256D0E2200A6A6F8 /* Scanner.app */ = {isa = PBXFileReference; explicitFileType = wrapper.application; includeInIndex = 0; path = Scanner.app; sourceTree = BUILT_PRODUCTS_DIR; };
		45E87D6E256D0E2200A6A6F8 /* AppDelegate.swift */ = {isa = PBXFileReference; lastKnownFileType = sourcecode.swift; path = AppDelegate.swift; sourceTree = "<group>"; };
		45E87D70256D0E2200A6A6F8 /* SceneDelegate.swift */ = {isa = PBXFileReference; lastKnownFileType = sourcecode.swift; path = SceneDelegate.swift; sourceTree = "<group>"; };
		45E87D72256D0E2200A6A6F8 /* ViewController.swift */ = {isa = PBXFileReference; lastKnownFileType = sourcecode.swift; path = ViewController.swift; sourceTree = "<group>"; };
		45E87D75256D0E2200A6A6F8 /* Base */ = {isa = PBXFileReference; lastKnownFileType = file.storyboard; name = Base; path = Base.lproj/Main.storyboard; sourceTree = "<group>"; };
		45E87D77256D0E2300A6A6F8 /* Assets.xcassets */ = {isa = PBXFileReference; lastKnownFileType = folder.assetcatalog; path = Assets.xcassets; sourceTree = "<group>"; };
		45E87D7A256D0E2300A6A6F8 /* Base */ = {isa = PBXFileReference; lastKnownFileType = file.storyboard; name = Base; path = Base.lproj/LaunchScreen.storyboard; sourceTree = "<group>"; };
		45E87D7C256D0E2300A6A6F8 /* Info.plist */ = {isa = PBXFileReference; lastKnownFileType = text.plist.xml; path = Info.plist; sourceTree = "<group>"; };
/* End PBXFileReference section */

/* Begin PBXFrameworksBuildPhase section */
		45E87D68256D0E2200A6A6F8 /* Frameworks */ = {
			isa = PBXFrameworksBuildPhase;
			buildActionMask = 2147483647;
			files = (
			);
			runOnlyForDeploymentPostprocessing = 0;
		};
/* End PBXFrameworksBuildPhase section */

/* Begin PBXGroup section */
		45C0CC57256D202B0098BC01 /* NetworkManager */ = {
			isa = PBXGroup;
			children = (
				45C0CC58256D202B0098BC01 /* Network */,
				45C0CC69256D202B0098BC01 /* NetworkExcutor */,
				45C0CC6C256D202B0098BC01 /* NetworkPlugins */,
			);
			path = NetworkManager;
			sourceTree = "<group>";
		};
		45C0CC58256D202B0098BC01 /* Network */ = {
			isa = PBXGroup;
			children = (
				45C0CC59256D202B0098BC01 /* ServiceRequestEndPoint.swift */,
				45C0CC5A256D202B0098BC01 /* ServiceProviderType.swift */,
				45C0CC5B256D202B0098BC01 /* ServiceRequestExecutable.swift */,
				45C0CC5C256D202B0098BC01 /* APIServicable.swift */,
				45C0CC5D256D202B0098BC01 /* ApiDetail.swift */,
				45C0CC5E256D202B0098BC01 /* ServiceCancellable.swift */,
				45C0CC5F256D202B0098BC01 /* ApiEnvironment.swift */,
				45C0CC60256D202B0098BC01 /* ServiceProvider.swift */,
				45C0CC61256D202B0098BC01 /* HTTPMethod.swift */,
				45C0CC62256D202B0098BC01 /* ServiceRepresentations.swift */,
				45C0CC63256D202B0098BC01 /* APIResult.swift */,
				45C0CC64256D202B0098BC01 /* TypeOfAuthorization.swift */,
				45C0CC65256D202B0098BC01 /* TargetDefinition.swift */,
				45C0CC66256D202B0098BC01 /* NetworkPluginType.swift */,
				45C0CC67256D202B0098BC01 /* AccessAuthorizable.swift */,
				45C0CC68256D202B0098BC01 /* ServiceRequestDetail.swift */,
			);
			path = Network;
			sourceTree = "<group>";
		};
		45C0CC69256D202B0098BC01 /* NetworkExcutor */ = {
			isa = PBXGroup;
			children = (
				45C0CC6A256D202B0098BC01 /* APIService.swift */,
				45C0CC6B256D202B0098BC01 /* NetworkExecutor.swift */,
			);
			path = NetworkExcutor;
			sourceTree = "<group>";
		};
		45C0CC6C256D202B0098BC01 /* NetworkPlugins */ = {
			isa = PBXGroup;
			children = (
				45C0CC6D256D202B0098BC01 /* AuthorizationProvidable.swift */,
				45C0CC6E256D202B0098BC01 /* AuthorizationPlugin.swift */,
				45C0CC6F256D202B0098BC01 /* APIAuthorizationType.swift */,
			);
			path = NetworkPlugins;
			sourceTree = "<group>";
		};
		45C0CC86256D20830098BC01 /* DataModel */ = {
			isa = PBXGroup;
			children = (
				45C0CC87256D20920098BC01 /* AddressModel.swift */,
			);
			path = DataModel;
			sourceTree = "<group>";
		};
		45C0CC94256D2DE50098BC01 /* TableViewCell */ = {
			isa = PBXGroup;
			children = (
				45C0CC98256D2E840098BC01 /* TableViewCell.swift */,
				45C0CC99256D2E840098BC01 /* TableViewCell.xib */,
			);
			path = TableViewCell;
			sourceTree = "<group>";
		};
		45E87D62256D0E2200A6A6F8 = {
			isa = PBXGroup;
			children = (
				45E87D6D256D0E2200A6A6F8 /* Scanner */,
				45E87D6C256D0E2200A6A6F8 /* Products */,
			);
			sourceTree = "<group>";
		};
		45E87D6C256D0E2200A6A6F8 /* Products */ = {
			isa = PBXGroup;
			children = (
				45E87D6B256D0E2200A6A6F8 /* Scanner.app */,
			);
			name = Products;
			sourceTree = "<group>";
		};
		45E87D6D256D0E2200A6A6F8 /* Scanner */ = {
			isa = PBXGroup;
			children = (
				45E87D6E256D0E2200A6A6F8 /* AppDelegate.swift */,
				45E87D70256D0E2200A6A6F8 /* SceneDelegate.swift */,
				45E87D72256D0E2200A6A6F8 /* ViewController.swift */,
				45E87D74256D0E2200A6A6F8 /* Main.storyboard */,
				45E87D84256D0F1000A6A6F8 /* Modules */,
				45E87D77256D0E2300A6A6F8 /* Assets.xcassets */,
				45E87D79256D0E2300A6A6F8 /* LaunchScreen.storyboard */,
				45E87D7C256D0E2300A6A6F8 /* Info.plist */,
			);
			path = Scanner;
			sourceTree = "<group>";
		};
		45E87D84256D0F1000A6A6F8 /* Modules */ = {
			isa = PBXGroup;
			children = (
				45C0CC94256D2DE50098BC01 /* TableViewCell */,
				45C0CC86256D20830098BC01 /* DataModel */,
				45C0CC57256D202B0098BC01 /* NetworkManager */,
				45E87D87256D11CA00A6A6F8 /* DataCall */,
				45E87D88256D11CA00A6A6F8 /* ViewController */,
				45E87D86256D11CA00A6A6F8 /* ViewModel */,
			);
			path = Modules;
			sourceTree = SOURCE_ROOT;
		};
		45E87D86256D11CA00A6A6F8 /* ViewModel */ = {
			isa = PBXGroup;
			children = (
				45C0CC8B256D20CA0098BC01 /* AddressViewModel.swift */,
			);
			path = ViewModel;
			sourceTree = "<group>";
		};
		45E87D87256D11CA00A6A6F8 /* DataCall */ = {
			isa = PBXGroup;
			children = (
				45C0CC8E256D216A0098BC01 /* AddressDataCall.swift */,
			);
			path = DataCall;
			sourceTree = "<group>";
		};
		45E87D88256D11CA00A6A6F8 /* ViewController */ = {
			isa = PBXGroup;
			children = (
				45C0CC54256D13C00098BC01 /* LookUpVC.swift */,
				45C0CC91256D29DB0098BC01 /* TransactionViewController.swift */,
				45C0CCA0256D39B20098BC01 /* QRSacnnerVC.swift */,
				458475E4256D7DEF00E6D3CE /* DetailTransactionViewController.swift */,
			);
			path = ViewController;
			sourceTree = "<group>";
		};
/* End PBXGroup section */

/* Begin PBXNativeTarget section */
		45E87D6A256D0E2200A6A6F8 /* Scanner */ = {
			isa = PBXNativeTarget;
			buildConfigurationList = 45E87D7F256D0E2300A6A6F8 /* Build configuration list for PBXNativeTarget "Scanner" */;
			buildPhases = (
				45E87D67256D0E2200A6A6F8 /* Sources */,
				45E87D68256D0E2200A6A6F8 /* Frameworks */,
				45E87D69256D0E2200A6A6F8 /* Resources */,
			);
			buildRules = (
			);
			dependencies = (
			);
			name = Scanner;
			productName = Scanner;
			productReference = 45E87D6B256D0E2200A6A6F8 /* Scanner.app */;
			productType = "com.apple.product-type.application";
		};
/* End PBXNativeTarget section */

/* Begin PBXProject section */
		45E87D63256D0E2200A6A6F8 /* Project object */ = {
			isa = PBXProject;
			attributes = {
				LastSwiftUpdateCheck = 1210;
				LastUpgradeCheck = 1210;
				TargetAttributes = {
					45E87D6A256D0E2200A6A6F8 = {
						CreatedOnToolsVersion = 12.1;
					};
				};
			};
			buildConfigurationList = 45E87D66256D0E2200A6A6F8 /* Build configuration list for PBXProject "Scanner" */;
			compatibilityVersion = "Xcode 9.3";
			developmentRegion = en;
			hasScannedForEncodings = 0;
			knownRegions = (
				en,
				Base,
			);
			mainGroup = 45E87D62256D0E2200A6A6F8;
			productRefGroup = 45E87D6C256D0E2200A6A6F8 /* Products */;
			projectDirPath = "";
			projectRoot = "";
			targets = (
				45E87D6A256D0E2200A6A6F8 /* Scanner */,
			);
		};
/* End PBXProject section */

/* Begin PBXResourcesBuildPhase section */
		45E87D69256D0E2200A6A6F8 /* Resources */ = {
			isa = PBXResourcesBuildPhase;
			buildActionMask = 2147483647;
			files = (
				45E87D7B256D0E2300A6A6F8 /* LaunchScreen.storyboard in Resources */,
				45C0CC9B256D2E840098BC01 /* TableViewCell.xib in Resources */,
				45E87D78256D0E2300A6A6F8 /* Assets.xcassets in Resources */,
				45E87D76256D0E2200A6A6F8 /* Main.storyboard in Resources */,
			);
			runOnlyForDeploymentPostprocessing = 0;
		};
/* End PBXResourcesBuildPhase section */

/* Begin PBXSourcesBuildPhase section */
		45E87D67256D0E2200A6A6F8 /* Sources */ = {
			isa = PBXSourcesBuildPhase;
			buildActionMask = 2147483647;
			files = (
				45C0CC8F256D216A0098BC01 /* AddressDataCall.swift in Sources */,
				45C0CC77256D202B0098BC01 /* ServiceProvider.swift in Sources */,
				45C0CC80256D202B0098BC01 /* APIService.swift in Sources */,
				45C0CC8C256D20CA0098BC01 /* AddressViewModel.swift in Sources */,
				45C0CC73256D202B0098BC01 /* APIServicable.swift in Sources */,
				45C0CC7F256D202B0098BC01 /* ServiceRequestDetail.swift in Sources */,
				45C0CC79256D202B0098BC01 /* ServiceRepresentations.swift in Sources */,
				45C0CC70256D202B0098BC01 /* ServiceRequestEndPoint.swift in Sources */,
				45C0CC84256D202B0098BC01 /* APIAuthorizationType.swift in Sources */,
				45C0CC82256D202B0098BC01 /* AuthorizationProvidable.swift in Sources */,
				45C0CC55256D13C00098BC01 /* LookUpVC.swift in Sources */,
				45E87D73256D0E2200A6A6F8 /* ViewController.swift in Sources */,
				45C0CC7A256D202B0098BC01 /* APIResult.swift in Sources */,
				45C0CC7D256D202B0098BC01 /* NetworkPluginType.swift in Sources */,
				45C0CC75256D202B0098BC01 /* ServiceCancellable.swift in Sources */,
				45C0CC83256D202B0098BC01 /* AuthorizationPlugin.swift in Sources */,
				45C0CC72256D202B0098BC01 /* ServiceRequestExecutable.swift in Sources */,
				45C0CC7C256D202B0098BC01 /* TargetDefinition.swift in Sources */,
				45C0CC81256D202B0098BC01 /* NetworkExecutor.swift in Sources */,
				45E87D6F256D0E2200A6A6F8 /* AppDelegate.swift in Sources */,
				45C0CC88256D20920098BC01 /* AddressModel.swift in Sources */,
				45C0CC9A256D2E840098BC01 /* TableViewCell.swift in Sources */,
				45C0CCA1256D39B20098BC01 /* QRSacnnerVC.swift in Sources */,
				45C0CC7E256D202B0098BC01 /* AccessAuthorizable.swift in Sources */,
				458475E5256D7DEF00E6D3CE /* DetailTransactionViewController.swift in Sources */,
				45C0CC71256D202B0098BC01 /* ServiceProviderType.swift in Sources */,
				45E87D71256D0E2200A6A6F8 /* SceneDelegate.swift in Sources */,
				45C0CC7B256D202B0098BC01 /* TypeOfAuthorization.swift in Sources */,
				45C0CC78256D202B0098BC01 /* HTTPMethod.swift in Sources */,
				45C0CC74256D202B0098BC01 /* ApiDetail.swift in Sources */,
				45C0CC92256D29DB0098BC01 /* TransactionViewController.swift in Sources */,
				45C0CC76256D202B0098BC01 /* ApiEnvironment.swift in Sources */,
			);
			runOnlyForDeploymentPostprocessing = 0;
		};
/* End PBXSourcesBuildPhase section */

/* Begin PBXVariantGroup section */
		45E87D74256D0E2200A6A6F8 /* Main.storyboard */ = {
			isa = PBXVariantGroup;
			children = (
				45E87D75256D0E2200A6A6F8 /* Base */,
			);
			name = Main.storyboard;
			sourceTree = "<group>";
		};
		45E87D79256D0E2300A6A6F8 /* LaunchScreen.storyboard */ = {
			isa = PBXVariantGroup;
			children = (
				45E87D7A256D0E2300A6A6F8 /* Base */,
			);
			name = LaunchScreen.storyboard;
			sourceTree = "<group>";
		};
/* End PBXVariantGroup section */

/* Begin XCBuildConfiguration section */
		45E87D7D256D0E2300A6A6F8 /* Debug */ = {
			isa = XCBuildConfiguration;
			buildSettings = {
				ALWAYS_SEARCH_USER_PATHS = NO;
				CLANG_ANALYZER_NONNULL = YES;
				CLANG_ANALYZER_NUMBER_OBJECT_CONVERSION = YES_AGGRESSIVE;
				CLANG_CXX_LANGUAGE_STANDARD = "gnu++14";
				CLANG_CXX_LIBRARY = "libc++";
				CLANG_ENABLE_MODULES = YES;
				CLANG_ENABLE_OBJC_ARC = YES;
				CLANG_ENABLE_OBJC_WEAK = YES;
				CLANG_WARN_BLOCK_CAPTURE_AUTORELEASING = YES;
				CLANG_WARN_BOOL_CONVERSION = YES;
				CLANG_WARN_COMMA = YES;
				CLANG_WARN_CONSTANT_CONVERSION = YES;
				CLANG_WARN_DEPRECATED_OBJC_IMPLEMENTATIONS = YES;
				CLANG_WARN_DIRECT_OBJC_ISA_USAGE = YES_ERROR;
				CLANG_WARN_DOCUMENTATION_COMMENTS = YES;
				CLANG_WARN_EMPTY_BODY = YES;
				CLANG_WARN_ENUM_CONVERSION = YES;
				CLANG_WARN_INFINITE_RECURSION = YES;
				CLANG_WARN_INT_CONVERSION = YES;
				CLANG_WARN_NON_LITERAL_NULL_CONVERSION = YES;
				CLANG_WARN_OBJC_IMPLICIT_RETAIN_SELF = YES;
				CLANG_WARN_OBJC_LITERAL_CONVERSION = YES;
				CLANG_WARN_OBJC_ROOT_CLASS = YES_ERROR;
				CLANG_WARN_QUOTED_INCLUDE_IN_FRAMEWORK_HEADER = YES;
				CLANG_WARN_RANGE_LOOP_ANALYSIS = YES;
				CLANG_WARN_STRICT_PROTOTYPES = YES;
				CLANG_WARN_SUSPICIOUS_MOVE = YES;
				CLANG_WARN_UNGUARDED_AVAILABILITY = YES_AGGRESSIVE;
				CLANG_WARN_UNREACHABLE_CODE = YES;
				CLANG_WARN__DUPLICATE_METHOD_MATCH = YES;
				COPY_PHASE_STRIP = NO;
				DEBUG_INFORMATION_FORMAT = dwarf;
				ENABLE_STRICT_OBJC_MSGSEND = YES;
				ENABLE_TESTABILITY = YES;
				GCC_C_LANGUAGE_STANDARD = gnu11;
				GCC_DYNAMIC_NO_PIC = NO;
				GCC_NO_COMMON_BLOCKS = YES;
				GCC_OPTIMIZATION_LEVEL = 0;
				GCC_PREPROCESSOR_DEFINITIONS = (
					"DEBUG=1",
					"$(inherited)",
				);
				GCC_WARN_64_TO_32_BIT_CONVERSION = YES;
				GCC_WARN_ABOUT_RETURN_TYPE = YES_ERROR;
				GCC_WARN_UNDECLARED_SELECTOR = YES;
				GCC_WARN_UNINITIALIZED_AUTOS = YES_AGGRESSIVE;
				GCC_WARN_UNUSED_FUNCTION = YES;
				GCC_WARN_UNUSED_VARIABLE = YES;
				IPHONEOS_DEPLOYMENT_TARGET = 14.1;
				MTL_ENABLE_DEBUG_INFO = INCLUDE_SOURCE;
				MTL_FAST_MATH = YES;
				ONLY_ACTIVE_ARCH = YES;
				SDKROOT = iphoneos;
				SWIFT_ACTIVE_COMPILATION_CONDITIONS = DEBUG;
				SWIFT_OPTIMIZATION_LEVEL = "-Onone";
			};
			name = Debug;
		};
		45E87D7E256D0E2300A6A6F8 /* Release */ = {
			isa = XCBuildConfiguration;
			buildSettings = {
				ALWAYS_SEARCH_USER_PATHS = NO;
				CLANG_ANALYZER_NONNULL = YES;
				CLANG_ANALYZER_NUMBER_OBJECT_CONVERSION = YES_AGGRESSIVE;
				CLANG_CXX_LANGUAGE_STANDARD = "gnu++14";
				CLANG_CXX_LIBRARY = "libc++";
				CLANG_ENABLE_MODULES = YES;
				CLANG_ENABLE_OBJC_ARC = YES;
				CLANG_ENABLE_OBJC_WEAK = YES;
				CLANG_WARN_BLOCK_CAPTURE_AUTORELEASING = YES;
				CLANG_WARN_BOOL_CONVERSION = YES;
				CLANG_WARN_COMMA = YES;
				CLANG_WARN_CONSTANT_CONVERSION = YES;
				CLANG_WARN_DEPRECATED_OBJC_IMPLEMENTATIONS = YES;
				CLANG_WARN_DIRECT_OBJC_ISA_USAGE = YES_ERROR;
				CLANG_WARN_DOCUMENTATION_COMMENTS = YES;
				CLANG_WARN_EMPTY_BODY = YES;
				CLANG_WARN_ENUM_CONVERSION = YES;
				CLANG_WARN_INFINITE_RECURSION = YES;
				CLANG_WARN_INT_CONVERSION = YES;
				CLANG_WARN_NON_LITERAL_NULL_CONVERSION = YES;
				CLANG_WARN_OBJC_IMPLICIT_RETAIN_SELF = YES;
				CLANG_WARN_OBJC_LITERAL_CONVERSION = YES;
				CLANG_WARN_OBJC_ROOT_CLASS = YES_ERROR;
				CLANG_WARN_QUOTED_INCLUDE_IN_FRAMEWORK_HEADER = YES;
				CLANG_WARN_RANGE_LOOP_ANALYSIS = YES;
				CLANG_WARN_STRICT_PROTOTYPES = YES;
				CLANG_WARN_SUSPICIOUS_MOVE = YES;
				CLANG_WARN_UNGUARDED_AVAILABILITY = YES_AGGRESSIVE;
				CLANG_WARN_UNREACHABLE_CODE = YES;
				CLANG_WARN__DUPLICATE_METHOD_MATCH = YES;
				COPY_PHASE_STRIP = NO;
				DEBUG_INFORMATION_FORMAT = "dwarf-with-dsym";
				ENABLE_NS_ASSERTIONS = NO;
				ENABLE_STRICT_OBJC_MSGSEND = YES;
				GCC_C_LANGUAGE_STANDARD = gnu11;
				GCC_NO_COMMON_BLOCKS = YES;
				GCC_WARN_64_TO_32_BIT_CONVERSION = YES;
				GCC_WARN_ABOUT_RETURN_TYPE = YES_ERROR;
				GCC_WARN_UNDECLARED_SELECTOR = YES;
				GCC_WARN_UNINITIALIZED_AUTOS = YES_AGGRESSIVE;
				GCC_WARN_UNUSED_FUNCTION = YES;
				GCC_WARN_UNUSED_VARIABLE = YES;
				IPHONEOS_DEPLOYMENT_TARGET = 14.1;
				MTL_ENABLE_DEBUG_INFO = NO;
				MTL_FAST_MATH = YES;
				SDKROOT = iphoneos;
				SWIFT_COMPILATION_MODE = wholemodule;
				SWIFT_OPTIMIZATION_LEVEL = "-O";
				VALIDATE_PRODUCT = YES;
			};
			name = Release;
		};
		45E87D80256D0E2300A6A6F8 /* Debug */ = {
			isa = XCBuildConfiguration;
			buildSettings = {
				ASSETCATALOG_COMPILER_APPICON_NAME = AppIcon;
				ASSETCATALOG_COMPILER_GLOBAL_ACCENT_COLOR_NAME = AccentColor;
				CODE_SIGN_IDENTITY = "";
				CODE_SIGN_STYLE = Manual;
				DEVELOPMENT_TEAM = "";
				INFOPLIST_FILE = Scanner/Info.plist;
				LD_RUNPATH_SEARCH_PATHS = (
					"$(inherited)",
					"@executable_path/Frameworks",
				);
				PRODUCT_BUNDLE_IDENTIFIER = com.scanner.com;
				PRODUCT_NAME = "$(TARGET_NAME)";
				PROVISIONING_PROFILE_SPECIFIER = "";
				SWIFT_VERSION = 5.0;
				TARGETED_DEVICE_FAMILY = "1,2";
			};
			name = Debug;
		};
		45E87D81256D0E2300A6A6F8 /* Release */ = {
			isa = XCBuildConfiguration;
			buildSettings = {
				ASSETCATALOG_COMPILER_APPICON_NAME = AppIcon;
				ASSETCATALOG_COMPILER_GLOBAL_ACCENT_COLOR_NAME = AccentColor;
				CODE_SIGN_IDENTITY = "";
				CODE_SIGN_STYLE = Manual;
				DEVELOPMENT_TEAM = "";
				INFOPLIST_FILE = Scanner/Info.plist;
				LD_RUNPATH_SEARCH_PATHS = (
					"$(inherited)",
					"@executable_path/Frameworks",
				);
				PRODUCT_BUNDLE_IDENTIFIER = com.scanner.com;
				PRODUCT_NAME = "$(TARGET_NAME)";
				PROVISIONING_PROFILE_SPECIFIER = "";
				SWIFT_VERSION = 5.0;
				TARGETED_DEVICE_FAMILY = "1,2";
			};
			name = Release;
		};
/* End XCBuildConfiguration section */

/* Begin XCConfigurationList section */
		45E87D66256D0E2200A6A6F8 /* Build configuration list for PBXProject "Scanner" */ = {
			isa = XCConfigurationList;
			buildConfigurations = (
				45E87D7D256D0E2300A6A6F8 /* Debug */,
				45E87D7E256D0E2300A6A6F8 /* Release */,
			);
			defaultConfigurationIsVisible = 0;
			defaultConfigurationName = Release;
		};
		45E87D7F256D0E2300A6A6F8 /* Build configuration list for PBXNativeTarget "Scanner" */ = {
			isa = XCConfigurationList;
			buildConfigurations = (
				45E87D80256D0E2300A6A6F8 /* Debug */,
				45E87D81256D0E2300A6A6F8 /* Release */,
			);
			defaultConfigurationIsVisible = 0;
			defaultConfigurationName = Release;
		};
/* End XCConfigurationList section */
	};
	rootObject = 45E87D63256D0E2200A6A6F8 /* Project object */;
}
